PODS:
  - MFSCache (2.0.1):
    - MFSJSONEntity
  - MFSJSONEntity (1.0.6)

DEPENDENCIES:
  - MFSCache

SPEC REPOS:
  trunk:
    - MFSCache
    - MFSJSONEntity

SPEC CHECKSUMS:
  MFSCache: 76baaca48f2283669709771967caedb8d0edb4c7
  MFSJSONEntity: 87c9404c87cb499de26b061f3c985eb7808bef73

PODFILE CHECKSUM: e9e23a0209bdecd4ffc0b9e0da22f28a40f0d10f

COCOAPODS: 1.15.2
